lockfileVersion: '6.0'

dependencies:
  '@w5/dot':
    specifier: ^0.0.2
    version: 0.0.2
  '@w5/u8':
    specifier: ^0.0.1
    version: 0.0.1
  '@w5/utf8':
    specifier: ^0.0.3
    version: 0.0.3

devDependencies:
  '@w5/read':
    specifier: ^0.0.1
    version: 0.0.1
  '@w5/uridir':
    specifier: ^0.0.1
    version: 0.0.1

packages:

  /@w5/dot@0.0.2:
    resolution: {integrity: sha512-F6Ihmj2XeJ7pvYDGlWj5lK+BTbqB8HXlLz7IkF/EAUe5vtQmD9HGCGy7MP8FFwER7h8aXilpd0kN9/2zGlh0JQ==}
    dev: false

  /@w5/read@0.0.1:
    resolution: {integrity: sha512-v/D6N/2OCOVHzaYHzoD/SmKn7yuvSZ/Kj7/HrPoWZOoPkXciZtzfsDXh+ShVvf5zIel6FwejM+F35pK2lQGIyg==}
    dev: true

  /@w5/u8@0.0.1:
    resolution: {integrity: sha512-1IJecPZlVeTYViGTZF+ZAd+v3S6MGB9LGGC0GHH96tdp36s5EkpZi3d02VzUt7l3okCFyH93QM5U9+GI5ToQhA==}
    dev: false

  /@w5/uridir@0.0.1:
    resolution: {integrity: sha512-5ZNTzgVhQHvfI1apigB10XTPjTg5KgMRxdRzda3nUrRTVvzOW1b5fVkFBwv6iqDurNJIe2jiGL97Ge1445p9/g==}
    dev: true

  /@w5/utf8@0.0.3:
    resolution: {integrity: sha512-FYkLRJ++nxAVLAzsD953X/Yc7ln7QQeUD2UsbbmtEUDYQYK2kvA7vqqKgwjuMQFUqwJdYdcHx7qtP7IgMUdHsw==}
    dev: false
